
Microsoft Visual Studio Solution File, Format Version 12.00
# Visual Studio 2013
VisualStudioVersion = 12.0.31101.0
MinimumVisualStudioVersion = 10.0.40219.1
Project("{E24C65DC-7377-472B-9ABA-BC803B73C61A}") = "portal-termos", "http://localhost:9834", "{DA61AF93-B6A4-4B01-B59A-65673CBC3E75}"
	ProjectSection(WebsiteProperties) = preProject
		UseIISExpress = "true"
		TargetFrameworkMoniker = ".NETFramework,Version%3Dv4.0"
		Debug.AspNetCompiler.VirtualPath = "/localhost_9834"
		Debug.AspNetCompiler.PhysicalPath = "..\Dropbox\CloudMed\Projetos CloudMed\Site e Documentacoes\PortalCompras\portal-termos\"
		Debug.AspNetCompiler.TargetPath = "PrecompiledWeb\localhost_9834\"
		Debug.AspNetCompiler.Updateable = "true"
		Debug.AspNetCompiler.ForceOverwrite = "true"
		Debug.AspNetCompiler.FixedNames = "false"
		Debug.AspNetCompiler.Debug = "True"
		Release.AspNetCompiler.VirtualPath = "/localhost_9834"
		Release.AspNetCompiler.PhysicalPath = "..\Dropbox\CloudMed\Projetos CloudMed\Site e Documentacoes\PortalCompras\portal-termos\"
		Release.AspNetCompiler.TargetPath = "PrecompiledWeb\localhost_9834\"
		Release.AspNetCompiler.Updateable = "true"
		Release.AspNetCompiler.ForceOverwrite = "true"
		Release.AspNetCompiler.FixedNames = "false"
		Release.AspNetCompiler.Debug = "False"
		SlnRelativePath = "..\Dropbox\CloudMed\Projetos CloudMed\Site e Documentacoes\PortalCompras\portal-termos\"
	EndProjectSection
EndProject
Global
	GlobalSection(SolutionConfigurationPlatforms) = preSolution
		Debug|Any CPU = Debug|Any CPU
	EndGlobalSection
	GlobalSection(ProjectConfigurationPlatforms) = postSolution
		{DA61AF93-B6A4-4B01-B59A-65673CBC3E75}.Debug|Any CPU.ActiveCfg = Debug|Any CPU
		{DA61AF93-B6A4-4B01-B59A-65673CBC3E75}.Debug|Any CPU.Build.0 = Debug|Any CPU
	EndGlobalSection
	GlobalSection(SolutionProperties) = preSolution
		HideSolutionNode = FALSE
	EndGlobalSection
EndGlobal
